# generated by rye
# use `rye lock` or `rye sync` to update this lockfile
#
# last locked with the following flags:
#   pre: false
#   features: []
#   all-features: false
#   with-sources: false

-e file:.
babel==2.14.0
    # via great-tables
bleach==6.1.0
    # via panel
bokeh==3.4.1
    # via hvplot
    # via panel
certifi==2024.2.2
    # via requests
charset-normalizer==3.3.2
    # via requests
colorcet==3.1.0
    # via holoviews
    # via hvplot
commonmark==0.9.1
    # via great-tables
contourpy==1.2.1
    # via bokeh
great-tables==0.5.0
    # via polars-finance
holoviews==1.18.3
    # via hvplot
htmltools==0.5.1
    # via great-tables
hvplot==0.9.2
    # via polars
idna==3.7
    # via requests
importlib-metadata==7.1.0
    # via great-tables
importlib-resources==6.4.0
    # via great-tables
jinja2==3.1.3
    # via bokeh
linkify-it-py==2.0.3
    # via panel
markdown==3.6
    # via panel
markdown-it-py==3.0.0
    # via mdit-py-plugins
    # via panel
markupsafe==2.1.5
    # via jinja2
mdit-py-plugins==0.4.0
    # via panel
mdurl==0.1.2
    # via markdown-it-py
numpy==1.26.4
    # via bokeh
    # via contourpy
    # via great-tables
    # via holoviews
    # via hvplot
    # via pandas
    # via pyarrow
packaging==24.0
    # via bokeh
    # via holoviews
    # via htmltools
    # via hvplot
pandas==2.2.2
    # via bokeh
    # via holoviews
    # via hvplot
    # via panel
panel==1.4.2
    # via holoviews
    # via hvplot
param==2.1.0
    # via holoviews
    # via hvplot
    # via panel
    # via pyviz-comms
pillow==10.3.0
    # via bokeh
polars==0.20.22
    # via polars-finance
pyarrow==16.0.0
    # via polars
python-dateutil==2.9.0.post0
    # via pandas
pytz==2024.1
    # via pandas
pyviz-comms==3.0.2
    # via holoviews
    # via panel
pyyaml==6.0.1
    # via bokeh
requests==2.31.0
    # via panel
six==1.16.0
    # via bleach
    # via python-dateutil
tornado==6.4
    # via bokeh
tqdm==4.66.2
    # via panel
typing-extensions==4.11.0
    # via great-tables
    # via htmltools
    # via panel
tzdata==2024.1
    # via pandas
uc-micro-py==1.0.3
    # via linkify-it-py
urllib3==2.2.1
    # via requests
webcolors==1.13
    # via great-tables
webencodings==0.5.1
    # via bleach
xyzservices==2024.4.0
    # via bokeh
    # via panel
zipp==3.18.1
    # via importlib-metadata
